// !$*UTF8*$!
{
	archiveVersion = 1;
	classes = {
	};
	objectVersion = 56;
	objects = {

/* Begin PBXBuildFile section */
		4ABCD17D29BF74FA00CE8994 /* AppDelegate.swift in Sources */ = {isa = PBXBuildFile; fileRef = 4ABCD17C29BF74FA00CE8994 /* AppDelegate.swift */; };
		4ABCD17F29BF74FA00CE8994 /* SceneDelegate.swift in Sources */ = {isa = PBXBuildFile; fileRef = 4ABCD17E29BF74FA00CE8994 /* SceneDelegate.swift */; };
		4ABCD18629BF74FC00CE8994 /* Assets.xcassets in Resources */ = {isa = PBXBuildFile; fileRef = 4ABCD18529BF74FC00CE8994 /* Assets.xcassets */; };
		4ABCD18929BF74FC00CE8994 /* LaunchScreen.storyboard in Resources */ = {isa = PBXBuildFile; fileRef = 4ABCD18729BF74FC00CE8994 /* LaunchScreen.storyboard */; };
		4ABCD19A29BF822B00CE8994 /* HomeScreen.swift in Sources */ = {isa = PBXBuildFile; fileRef = 4ABCD19929BF822B00CE8994 /* HomeScreen.swift */; };
		4ABCD19C29BF8E2500CE8994 /* NetworkManager.swift in Sources */ = {isa = PBXBuildFile; fileRef = 4ABCD19B29BF8E2500CE8994 /* NetworkManager.swift */; };
		4AF72C5729C19BE000E00A79 /* Movie.swift in Sources */ = {isa = PBXBuildFile; fileRef = 4AF72C5629C19BE000E00A79 /* Movie.swift */; };
		4AF72C5929C1A6A200E00A79 /* MovieService.swift in Sources */ = {isa = PBXBuildFile; fileRef = 4AF72C5829C1A6A200E00A79 /* MovieService.swift */; };
		4AF72C5B29C1AEBD00E00A79 /* APIURLs.swift in Sources */ = {isa = PBXBuildFile; fileRef = 4AF72C5A29C1AEBD00E00A79 /* APIURLs.swift */; };
		4AF72C5D29C1AFEC00E00A79 /* HomeViewModel.swift in Sources */ = {isa = PBXBuildFile; fileRef = 4AF72C5C29C1AFEC00E00A79 /* HomeViewModel.swift */; };
		4AF72C6029C1F8C000E00A79 /* UIView+Ext.swift in Sources */ = {isa = PBXBuildFile; fileRef = 4AF72C5F29C1F8C000E00A79 /* UIView+Ext.swift */; };
		4AF72C6229C2002700E00A79 /* UIHelper.swift in Sources */ = {isa = PBXBuildFile; fileRef = 4AF72C6129C2002700E00A79 /* UIHelper.swift */; };
		4AF72C6429C201AF00E00A79 /* CGFloat+Ext.swift in Sources */ = {isa = PBXBuildFile; fileRef = 4AF72C6329C201AF00E00A79 /* CGFloat+Ext.swift */; };
		4AF72C6629C2048000E00A79 /* MovieCell.swift in Sources */ = {isa = PBXBuildFile; fileRef = 4AF72C6529C2048000E00A79 /* MovieCell.swift */; };
		4AF72C6829C35FCB00E00A79 /* PosterImageView.swift in Sources */ = {isa = PBXBuildFile; fileRef = 4AF72C6729C35FCB00E00A79 /* PosterImageView.swift */; };
		4AF72C6A29C42A1400E00A79 /* UICollectionView+Ext.swift in Sources */ = {isa = PBXBuildFile; fileRef = 4AF72C6929C42A1400E00A79 /* UICollectionView+Ext.swift */; };
		4AF72C6D29C4390700E00A79 /* DetailScreen.swift in Sources */ = {isa = PBXBuildFile; fileRef = 4AF72C6C29C4390700E00A79 /* DetailScreen.swift */; };
		4AF72C6F29C48AAF00E00A79 /* DetailViewModel.swift in Sources */ = {isa = PBXBuildFile; fileRef = 4AF72C6E29C48AAF00E00A79 /* DetailViewModel.swift */; };
/* End PBXBuildFile section */

/* Begin PBXFileReference section */
		4ABCD17929BF74FA00CE8994 /* FilmsAppWithCode.app */ = {isa = PBXFileReference; explicitFileType = wrapper.application; includeInIndex = 0; path = FilmsAppWithCode.app; sourceTree = BUILT_PRODUCTS_DIR; };
		4ABCD17C29BF74FA00CE8994 /* AppDelegate.swift */ = {isa = PBXFileReference; lastKnownFileType = sourcecode.swift; path = AppDelegate.swift; sourceTree = "<group>"; };
		4ABCD17E29BF74FA00CE8994 /* SceneDelegate.swift */ = {isa = PBXFileReference; lastKnownFileType = sourcecode.swift; path = SceneDelegate.swift; sourceTree = "<group>"; };
		4ABCD18529BF74FC00CE8994 /* Assets.xcassets */ = {isa = PBXFileReference; lastKnownFileType = folder.assetcatalog; path = Assets.xcassets; sourceTree = "<group>"; };
		4ABCD18829BF74FC00CE8994 /* Base */ = {isa = PBXFileReference; lastKnownFileType = file.storyboard; name = Base; path = Base.lproj/LaunchScreen.storyboard; sourceTree = "<group>"; };
		4ABCD18A29BF74FC00CE8994 /* Info.plist */ = {isa = PBXFileReference; lastKnownFileType = text.plist.xml; path = Info.plist; sourceTree = "<group>"; };
		4ABCD19929BF822B00CE8994 /* HomeScreen.swift */ = {isa = PBXFileReference; lastKnownFileType = sourcecode.swift; path = HomeScreen.swift; sourceTree = "<group>"; };
		4ABCD19B29BF8E2500CE8994 /* NetworkManager.swift */ = {isa = PBXFileReference; lastKnownFileType = sourcecode.swift; path = NetworkManager.swift; sourceTree = "<group>"; };
		4AF72C5629C19BE000E00A79 /* Movie.swift */ = {isa = PBXFileReference; lastKnownFileType = sourcecode.swift; path = Movie.swift; sourceTree = "<group>"; };
		4AF72C5829C1A6A200E00A79 /* MovieService.swift */ = {isa = PBXFileReference; lastKnownFileType = sourcecode.swift; path = MovieService.swift; sourceTree = "<group>"; };
		4AF72C5A29C1AEBD00E00A79 /* APIURLs.swift */ = {isa = PBXFileReference; lastKnownFileType = sourcecode.swift; path = APIURLs.swift; sourceTree = "<group>"; };
		4AF72C5C29C1AFEC00E00A79 /* HomeViewModel.swift */ = {isa = PBXFileReference; lastKnownFileType = sourcecode.swift; path = HomeViewModel.swift; sourceTree = "<group>"; };
		4AF72C5F29C1F8C000E00A79 /* UIView+Ext.swift */ = {isa = PBXFileReference; lastKnownFileType = sourcecode.swift; path = "UIView+Ext.swift"; sourceTree = "<group>"; };
		4AF72C6129C2002700E00A79 /* UIHelper.swift */ = {isa = PBXFileReference; lastKnownFileType = sourcecode.swift; path = UIHelper.swift; sourceTree = "<group>"; };
		4AF72C6329C201AF00E00A79 /* CGFloat+Ext.swift */ = {isa = PBXFileReference; lastKnownFileType = sourcecode.swift; path = "CGFloat+Ext.swift"; sourceTree = "<group>"; };
		4AF72C6529C2048000E00A79 /* MovieCell.swift */ = {isa = PBXFileReference; lastKnownFileType = sourcecode.swift; path = MovieCell.swift; sourceTree = "<group>"; };
		4AF72C6729C35FCB00E00A79 /* PosterImageView.swift */ = {isa = PBXFileReference; lastKnownFileType = sourcecode.swift; path = PosterImageView.swift; sourceTree = "<group>"; };
		4AF72C6929C42A1400E00A79 /* UICollectionView+Ext.swift */ = {isa = PBXFileReference; lastKnownFileType = sourcecode.swift; path = "UICollectionView+Ext.swift"; sourceTree = "<group>"; };
		4AF72C6C29C4390700E00A79 /* DetailScreen.swift */ = {isa = PBXFileReference; lastKnownFileType = sourcecode.swift; path = DetailScreen.swift; sourceTree = "<group>"; };
		4AF72C6E29C48AAF00E00A79 /* DetailViewModel.swift */ = {isa = PBXFileReference; lastKnownFileType = sourcecode.swift; path = DetailViewModel.swift; sourceTree = "<group>"; };
/* End PBXFileReference section */

/* Begin PBXFrameworksBuildPhase section */
		4ABCD17629BF74FA00CE8994 /* Frameworks */ = {
			isa = PBXFrameworksBuildPhase;
			buildActionMask = 2147483647;
			files = (
			);
			runOnlyForDeploymentPostprocessing = 0;
		};
/* End PBXFrameworksBuildPhase section */

/* Begin PBXGroup section */
		4ABCD17029BF74FA00CE8994 = {
			isa = PBXGroup;
			children = (
				4ABCD17B29BF74FA00CE8994 /* FilmsAppWithCode */,
				4ABCD17A29BF74FA00CE8994 /* Products */,
			);
			sourceTree = "<group>";
		};
		4ABCD17A29BF74FA00CE8994 /* Products */ = {
			isa = PBXGroup;
			children = (
				4ABCD17929BF74FA00CE8994 /* FilmsAppWithCode.app */,
			);
			name = Products;
			sourceTree = "<group>";
		};
		4ABCD17B29BF74FA00CE8994 /* FilmsAppWithCode */ = {
			isa = PBXGroup;
			children = (
				4AF72C5E29C1F88700E00A79 /* Extensions */,
				4ABCD19329BF81AD00CE8994 /* Utilities */,
				4ABCD19429BF81BE00CE8994 /* Models */,
				4ABCD19629BF81CF00CE8994 /* Services */,
				4ABCD19529BF81C900CE8994 /* Core */,
				4ABCD17C29BF74FA00CE8994 /* AppDelegate.swift */,
				4ABCD17E29BF74FA00CE8994 /* SceneDelegate.swift */,
				4ABCD18529BF74FC00CE8994 /* Assets.xcassets */,
				4ABCD18729BF74FC00CE8994 /* LaunchScreen.storyboard */,
				4ABCD18A29BF74FC00CE8994 /* Info.plist */,
			);
			path = FilmsAppWithCode;
			sourceTree = "<group>";
		};
		4ABCD19329BF81AD00CE8994 /* Utilities */ = {
			isa = PBXGroup;
			children = (
				4ABCD19B29BF8E2500CE8994 /* NetworkManager.swift */,
				4AF72C5A29C1AEBD00E00A79 /* APIURLs.swift */,
				4AF72C6129C2002700E00A79 /* UIHelper.swift */,
			);
			path = Utilities;
			sourceTree = "<group>";
		};
		4ABCD19429BF81BE00CE8994 /* Models */ = {
			isa = PBXGroup;
			children = (
				4AF72C5629C19BE000E00A79 /* Movie.swift */,
			);
			path = Models;
			sourceTree = "<group>";
		};
		4ABCD19529BF81C900CE8994 /* Core */ = {
			isa = PBXGroup;
			children = (
				4ABCD19729BF81F600CE8994 /* Components */,
				4ABCD19829BF81FE00CE8994 /* HomeScreen */,
				4AF72C6B29C438D500E00A79 /* DetailScreen */,
			);
			path = Core;
			sourceTree = "<group>";
		};
		4ABCD19629BF81CF00CE8994 /* Services */ = {
			isa = PBXGroup;
			children = (
				4AF72C5829C1A6A200E00A79 /* MovieService.swift */,
			);
			path = Services;
			sourceTree = "<group>";
		};
		4ABCD19729BF81F600CE8994 /* Components */ = {
			isa = PBXGroup;
			children = (
				4AF72C6529C2048000E00A79 /* MovieCell.swift */,
				4AF72C6729C35FCB00E00A79 /* PosterImageView.swift */,
			);
			path = Components;
			sourceTree = "<group>";
		};
		4ABCD19829BF81FE00CE8994 /* HomeScreen */ = {
			isa = PBXGroup;
			children = (
				4ABCD19929BF822B00CE8994 /* HomeScreen.swift */,
				4AF72C5C29C1AFEC00E00A79 /* HomeViewModel.swift */,
			);
			path = HomeScreen;
			sourceTree = "<group>";
		};
		4AF72C5E29C1F88700E00A79 /* Extensions */ = {
			isa = PBXGroup;
			children = (
				4AF72C5F29C1F8C000E00A79 /* UIView+Ext.swift */,
				4AF72C6329C201AF00E00A79 /* CGFloat+Ext.swift */,
				4AF72C6929C42A1400E00A79 /* UICollectionView+Ext.swift */,
			);
			path = Extensions;
			sourceTree = "<group>";
		};
		4AF72C6B29C438D500E00A79 /* DetailScreen */ = {
			isa = PBXGroup;
			children = (
				4AF72C6C29C4390700E00A79 /* DetailScreen.swift */,
				4AF72C6E29C48AAF00E00A79 /* DetailViewModel.swift */,
			);
			path = DetailScreen;
			sourceTree = "<group>";
		};
/* End PBXGroup section */

/* Begin PBXNativeTarget section */
		4ABCD17829BF74FA00CE8994 /* FilmsAppWithCode */ = {
			isa = PBXNativeTarget;
			buildConfigurationList = 4ABCD18D29BF74FC00CE8994 /* Build configuration list for PBXNativeTarget "FilmsAppWithCode" */;
			buildPhases = (
				4ABCD17529BF74FA00CE8994 /* Sources */,
				4ABCD17629BF74FA00CE8994 /* Frameworks */,
				4ABCD17729BF74FA00CE8994 /* Resources */,
			);
			buildRules = (
			);
			dependencies = (
			);
			name = FilmsAppWithCode;
			productName = FilmsAppWithCode;
			productReference = 4ABCD17929BF74FA00CE8994 /* FilmsAppWithCode.app */;
			productType = "com.apple.product-type.application";
		};
/* End PBXNativeTarget section */

/* Begin PBXProject section */
		4ABCD17129BF74FA00CE8994 /* Project object */ = {
			isa = PBXProject;
			attributes = {
				BuildIndependentTargetsInParallel = 1;
				LastSwiftUpdateCheck = 1420;
				LastUpgradeCheck = 1420;
				TargetAttributes = {
					4ABCD17829BF74FA00CE8994 = {
						CreatedOnToolsVersion = 14.2;
					};
				};
			};
			buildConfigurationList = 4ABCD17429BF74FA00CE8994 /* Build configuration list for PBXProject "FilmsAppWithCode" */;
			compatibilityVersion = "Xcode 14.0";
			developmentRegion = en;
			hasScannedForEncodings = 0;
			knownRegions = (
				en,
				Base,
			);
			mainGroup = 4ABCD17029BF74FA00CE8994;
			productRefGroup = 4ABCD17A29BF74FA00CE8994 /* Products */;
			projectDirPath = "";
			projectRoot = "";
			targets = (
				4ABCD17829BF74FA00CE8994 /* FilmsAppWithCode */,
			);
		};
/* End PBXProject section */

/* Begin PBXResourcesBuildPhase section */
		4ABCD17729BF74FA00CE8994 /* Resources */ = {
			isa = PBXResourcesBuildPhase;
			buildActionMask = 2147483647;
			files = (
				4ABCD18929BF74FC00CE8994 /* LaunchScreen.storyboard in Resources */,
				4ABCD18629BF74FC00CE8994 /* Assets.xcassets in Resources */,
			);
			runOnlyForDeploymentPostprocessing = 0;
		};
/* End PBXResourcesBuildPhase section */

/* Begin PBXSourcesBuildPhase section */
		4ABCD17529BF74FA00CE8994 /* Sources */ = {
			isa = PBXSourcesBuildPhase;
			buildActionMask = 2147483647;
			files = (
				4AF72C5929C1A6A200E00A79 /* MovieService.swift in Sources */,
				4ABCD19C29BF8E2500CE8994 /* NetworkManager.swift in Sources */,
				4AF72C6629C2048000E00A79 /* MovieCell.swift in Sources */,
				4ABCD17D29BF74FA00CE8994 /* AppDelegate.swift in Sources */,
				4AF72C6429C201AF00E00A79 /* CGFloat+Ext.swift in Sources */,
				4AF72C6D29C4390700E00A79 /* DetailScreen.swift in Sources */,
				4AF72C6229C2002700E00A79 /* UIHelper.swift in Sources */,
				4AF72C5D29C1AFEC00E00A79 /* HomeViewModel.swift in Sources */,
				4ABCD17F29BF74FA00CE8994 /* SceneDelegate.swift in Sources */,
				4AF72C6029C1F8C000E00A79 /* UIView+Ext.swift in Sources */,
				4AF72C5B29C1AEBD00E00A79 /* APIURLs.swift in Sources */,
				4AF72C6A29C42A1400E00A79 /* UICollectionView+Ext.swift in Sources */,
				4ABCD19A29BF822B00CE8994 /* HomeScreen.swift in Sources */,
				4AF72C6829C35FCB00E00A79 /* PosterImageView.swift in Sources */,
				4AF72C5729C19BE000E00A79 /* Movie.swift in Sources */,
				4AF72C6F29C48AAF00E00A79 /* DetailViewModel.swift in Sources */,
			);
			runOnlyForDeploymentPostprocessing = 0;
		};
/* End PBXSourcesBuildPhase section */

/* Begin PBXVariantGroup section */
		4ABCD18729BF74FC00CE8994 /* LaunchScreen.storyboard */ = {
			isa = PBXVariantGroup;
			children = (
				4ABCD18829BF74FC00CE8994 /* Base */,
			);
			name = LaunchScreen.storyboard;
			sourceTree = "<group>";
		};
/* End PBXVariantGroup section */

/* Begin XCBuildConfiguration section */
		4ABCD18B29BF74FC00CE8994 /* Debug */ = {
			isa = XCBuildConfiguration;
			buildSettings = {
				ALWAYS_SEARCH_USER_PATHS = NO;
				CLANG_ANALYZER_NONNULL = YES;
				CLANG_ANALYZER_NUMBER_OBJECT_CONVERSION = YES_AGGRESSIVE;
				CLANG_CXX_LANGUAGE_STANDARD = "gnu++20";
				CLANG_ENABLE_MODULES = YES;
				CLANG_ENABLE_OBJC_ARC = YES;
				CLANG_ENABLE_OBJC_WEAK = YES;
				CLANG_WARN_BLOCK_CAPTURE_AUTORELEASING = YES;
				CLANG_WARN_BOOL_CONVERSION = YES;
				CLANG_WARN_COMMA = YES;
				CLANG_WARN_CONSTANT_CONVERSION = YES;
				CLANG_WARN_DEPRECATED_OBJC_IMPLEMENTATIONS = YES;
				CLANG_WARN_DIRECT_OBJC_ISA_USAGE = YES_ERROR;
				CLANG_WARN_DOCUMENTATION_COMMENTS = YES;
				CLANG_WARN_EMPTY_BODY = YES;
				CLANG_WARN_ENUM_CONVERSION = YES;
				CLANG_WARN_INFINITE_RECURSION = YES;
				CLANG_WARN_INT_CONVERSION = YES;
				CLANG_WARN_NON_LITERAL_NULL_CONVERSION = YES;
				CLANG_WARN_OBJC_IMPLICIT_RETAIN_SELF = YES;
				CLANG_WARN_OBJC_LITERAL_CONVERSION = YES;
				CLANG_WARN_OBJC_ROOT_CLASS = YES_ERROR;
				CLANG_WARN_QUOTED_INCLUDE_IN_FRAMEWORK_HEADER = YES;
				CLANG_WARN_RANGE_LOOP_ANALYSIS = YES;
				CLANG_WARN_STRICT_PROTOTYPES = YES;
				CLANG_WARN_SUSPICIOUS_MOVE = YES;
				CLANG_WARN_UNGUARDED_AVAILABILITY = YES_AGGRESSIVE;
				CLANG_WARN_UNREACHABLE_CODE = YES;
				CLANG_WARN__DUPLICATE_METHOD_MATCH = YES;
				COPY_PHASE_STRIP = NO;
				DEBUG_INFORMATION_FORMAT = dwarf;
				ENABLE_STRICT_OBJC_MSGSEND = YES;
				ENABLE_TESTABILITY = YES;
				GCC_C_LANGUAGE_STANDARD = gnu11;
				GCC_DYNAMIC_NO_PIC = NO;
				GCC_NO_COMMON_BLOCKS = YES;
				GCC_OPTIMIZATION_LEVEL = 0;
				GCC_PREPROCESSOR_DEFINITIONS = (
					"DEBUG=1",
					"$(inherited)",
				);
				GCC_WARN_64_TO_32_BIT_CONVERSION = YES;
				GCC_WARN_ABOUT_RETURN_TYPE = YES_ERROR;
				GCC_WARN_UNDECLARED_SELECTOR = YES;
				GCC_WARN_UNINITIALIZED_AUTOS = YES_AGGRESSIVE;
				GCC_WARN_UNUSED_FUNCTION = YES;
				GCC_WARN_UNUSED_VARIABLE = YES;
				IPHONEOS_DEPLOYMENT_TARGET = 16.2;
				MTL_ENABLE_DEBUG_INFO = INCLUDE_SOURCE;
				MTL_FAST_MATH = YES;
				ONLY_ACTIVE_ARCH = YES;
				SDKROOT = iphoneos;
				SWIFT_ACTIVE_COMPILATION_CONDITIONS = DEBUG;
				SWIFT_OPTIMIZATION_LEVEL = "-Onone";
			};
			name = Debug;
		};
		4ABCD18C29BF74FC00CE8994 /* Release */ = {
			isa = XCBuildConfiguration;
			buildSettings = {
				ALWAYS_SEARCH_USER_PATHS = NO;
				CLANG_ANALYZER_NONNULL = YES;
				CLANG_ANALYZER_NUMBER_OBJECT_CONVERSION = YES_AGGRESSIVE;
				CLANG_CXX_LANGUAGE_STANDARD = "gnu++20";
				CLANG_ENABLE_MODULES = YES;
				CLANG_ENABLE_OBJC_ARC = YES;
				CLANG_ENABLE_OBJC_WEAK = YES;
				CLANG_WARN_BLOCK_CAPTURE_AUTORELEASING = YES;
				CLANG_WARN_BOOL_CONVERSION = YES;
				CLANG_WARN_COMMA = YES;
				CLANG_WARN_CONSTANT_CONVERSION = YES;
				CLANG_WARN_DEPRECATED_OBJC_IMPLEMENTATIONS = YES;
				CLANG_WARN_DIRECT_OBJC_ISA_USAGE = YES_ERROR;
				CLANG_WARN_DOCUMENTATION_COMMENTS = YES;
				CLANG_WARN_EMPTY_BODY = YES;
				CLANG_WARN_ENUM_CONVERSION = YES;
				CLANG_WARN_INFINITE_RECURSION = YES;
				CLANG_WARN_INT_CONVERSION = YES;
				CLANG_WARN_NON_LITERAL_NULL_CONVERSION = YES;
				CLANG_WARN_OBJC_IMPLICIT_RETAIN_SELF = YES;
				CLANG_WARN_OBJC_LITERAL_CONVERSION = YES;
				CLANG_WARN_OBJC_ROOT_CLASS = YES_ERROR;
				CLANG_WARN_QUOTED_INCLUDE_IN_FRAMEWORK_HEADER = YES;
				CLANG_WARN_RANGE_LOOP_ANALYSIS = YES;
				CLANG_WARN_STRICT_PROTOTYPES = YES;
				CLANG_WARN_SUSPICIOUS_MOVE = YES;
				CLANG_WARN_UNGUARDED_AVAILABILITY = YES_AGGRESSIVE;
				CLANG_WARN_UNREACHABLE_CODE = YES;
				CLANG_WARN__DUPLICATE_METHOD_MATCH = YES;
				COPY_PHASE_STRIP = NO;
				DEBUG_INFORMATION_FORMAT = "dwarf-with-dsym";
				ENABLE_NS_ASSERTIONS = NO;
				ENABLE_STRICT_OBJC_MSGSEND = YES;
				GCC_C_LANGUAGE_STANDARD = gnu11;
				GCC_NO_COMMON_BLOCKS = YES;
				GCC_WARN_64_TO_32_BIT_CONVERSION = YES;
				GCC_WARN_ABOUT_RETURN_TYPE = YES_ERROR;
				GCC_WARN_UNDECLARED_SELECTOR = YES;
				GCC_WARN_UNINITIALIZED_AUTOS = YES_AGGRESSIVE;
				GCC_WARN_UNUSED_FUNCTION = YES;
				GCC_WARN_UNUSED_VARIABLE = YES;
				IPHONEOS_DEPLOYMENT_TARGET = 16.2;
				MTL_ENABLE_DEBUG_INFO = NO;
				MTL_FAST_MATH = YES;
				SDKROOT = iphoneos;
				SWIFT_COMPILATION_MODE = wholemodule;
				SWIFT_OPTIMIZATION_LEVEL = "-O";
				VALIDATE_PRODUCT = YES;
			};
			name = Release;
		};
		4ABCD18E29BF74FC00CE8994 /* Debug */ = {
			isa = XCBuildConfiguration;
			buildSettings = {
				ASSETCATALOG_COMPILER_APPICON_NAME = AppIcon;
				ASSETCATALOG_COMPILER_GLOBAL_ACCENT_COLOR_NAME = AccentColor;
				CODE_SIGN_STYLE = Automatic;
				CURRENT_PROJECT_VERSION = 1;
				GENERATE_INFOPLIST_FILE = YES;
				INFOPLIST_FILE = FilmsAppWithCode/Info.plist;
				INFOPLIST_KEY_UIApplicationSupportsIndirectInputEvents = YES;
				INFOPLIST_KEY_UILaunchStoryboardName = LaunchScreen;
				INFOPLIST_KEY_UIStatusBarStyle = "";
				INFOPLIST_KEY_UISupportedInterfaceOrientations_iPad = "UIInterfaceOrientationPortrait UIInterfaceOrientationPortraitUpsideDown UIInterfaceOrientationLandscapeLeft UIInterfaceOrientationLandscapeRight";
				INFOPLIST_KEY_UISupportedInterfaceOrientations_iPhone = "UIInterfaceOrientationPortrait UIInterfaceOrientationLandscapeLeft UIInterfaceOrientationLandscapeRight";
				LD_RUNPATH_SEARCH_PATHS = (
					"$(inherited)",
					"@executable_path/Frameworks",
				);
				MARKETING_VERSION = 1.0;
				PRODUCT_BUNDLE_IDENTIFIER = com.fatih.FilmsAppWithCode;
				PRODUCT_NAME = "$(TARGET_NAME)";
				SUPPORTED_PLATFORMS = "iphoneos iphonesimulator";
				SUPPORTS_MACCATALYST = NO;
				SUPPORTS_MAC_DESIGNED_FOR_IPHONE_IPAD = NO;
				SWIFT_EMIT_LOC_STRINGS = YES;
				SWIFT_VERSION = 5.0;
				TARGETED_DEVICE_FAMILY = 1;
			};
			name = Debug;
		};
		4ABCD18F29BF74FC00CE8994 /* Release */ = {
			isa = XCBuildConfiguration;
			buildSettings = {
				ASSETCATALOG_COMPILER_APPICON_NAME = AppIcon;
				ASSETCATALOG_COMPILER_GLOBAL_ACCENT_COLOR_NAME = AccentColor;
				CODE_SIGN_STYLE = Automatic;
				CURRENT_PROJECT_VERSION = 1;
				GENERATE_INFOPLIST_FILE = YES;
				INFOPLIST_FILE = FilmsAppWithCode/Info.plist;
				INFOPLIST_KEY_UIApplicationSupportsIndirectInputEvents = YES;
				INFOPLIST_KEY_UILaunchStoryboardName = LaunchScreen;
				INFOPLIST_KEY_UIStatusBarStyle = "";
				INFOPLIST_KEY_UISupportedInterfaceOrientations_iPad = "UIInterfaceOrientationPortrait UIInterfaceOrientationPortraitUpsideDown UIInterfaceOrientationLandscapeLeft UIInterfaceOrientationLandscapeRight";
				INFOPLIST_KEY_UISupportedInterfaceOrientations_iPhone = "UIInterfaceOrientationPortrait UIInterfaceOrientationLandscapeLeft UIInterfaceOrientationLandscapeRight";
				LD_RUNPATH_SEARCH_PATHS = (
					"$(inherited)",
					"@executable_path/Frameworks",
				);
				MARKETING_VERSION = 1.0;
				PRODUCT_BUNDLE_IDENTIFIER = com.fatih.FilmsAppWithCode;
				PRODUCT_NAME = "$(TARGET_NAME)";
				SUPPORTED_PLATFORMS = "iphoneos iphonesimulator";
				SUPPORTS_MACCATALYST = NO;
				SUPPORTS_MAC_DESIGNED_FOR_IPHONE_IPAD = NO;
				SWIFT_EMIT_LOC_STRINGS = YES;
				SWIFT_VERSION = 5.0;
				TARGETED_DEVICE_FAMILY = 1;
			};
			name = Release;
		};
/* End XCBuildConfiguration section */

/* Begin XCConfigurationList section */
		4ABCD17429BF74FA00CE8994 /* Build configuration list for PBXProject "FilmsAppWithCode" */ = {
			isa = XCConfigurationList;
			buildConfigurations = (
				4ABCD18B29BF74FC00CE8994 /* Debug */,
				4ABCD18C29BF74FC00CE8994 /* Release */,
			);
			defaultConfigurationIsVisible = 0;
			defaultConfigurationName = Release;
		};
		4ABCD18D29BF74FC00CE8994 /* Build configuration list for PBXNativeTarget "FilmsAppWithCode" */ = {
			isa = XCConfigurationList;
			buildConfigurations = (
				4ABCD18E29BF74FC00CE8994 /* Debug */,
				4ABCD18F29BF74FC00CE8994 /* Release */,
			);
			defaultConfigurationIsVisible = 0;
			defaultConfigurationName = Release;
		};
/* End XCConfigurationList section */
	};
	rootObject = 4ABCD17129BF74FA00CE8994 /* Project object */;
}
